
Microsoft Visual Studio Solution File, Format Version 12.00
# Visual Studio Version 17
VisualStudioVersion = 17.8.34408.163
MinimumVisualStudioVersion = 10.0.40219.1
Project("{9A19103F-16F7-4668-BE54-9A1E7A4F7556}") = "DeGA.Core", "DeGA.Core\DeGA.Core.csproj", "{9DF9F65F-4462-4517-8FCA-5AA34CF2D923}"
EndProject
Project("{2150E333-8FDC-42A3-9474-1A3956D46DE8}") = "samples", "samples", "{574F7457-69C0-4F32-9E27-A64CFF0E5154}"
EndProject
Project("{9A19103F-16F7-4668-BE54-9A1E7A4F7556}") = "DeGA.Assistants.OpenAI", "DeGA.Assistants.OpenAI\DeGA.Assistants.OpenAI.csproj", "{A4F200A3-B02B-4CE2-BA94-2E39566EC317}"
EndProject
Project("{9A19103F-16F7-4668-BE54-9A1E7A4F7556}") = "DeGA.Generators.CSharp", "DeGA.Generators.CSharp\DeGA.Generators.CSharp.csproj", "{C2BE94A5-CAE5-497F-8601-492206657B46}"
EndProject
Project("{9A19103F-16F7-4668-BE54-9A1E7A4F7556}") = "FizzBuzz.Generator", "..\samples\FizzBuzz.Generator\FizzBuzz.Generator.csproj", "{8A9CE11B-B392-44B7-858D-3F059EBAADDD}"
EndProject
Project("{9A19103F-16F7-4668-BE54-9A1E7A4F7556}") = "TodoList.Blazor.Generator", "..\samples\TodoList.Blazor.Generator\TodoList.Blazor.Generator.csproj", "{75771AE8-D14E-42DF-B959-790AB9DB71AA}"
EndProject
Project("{9A19103F-16F7-4668-BE54-9A1E7A4F7556}") = "TodoListBlazor", "..\samples\TodoList.Blazor.Output\src\TodoListBlazor\TodoListBlazor.csproj", "{78C5358D-DE1C-40DD-96CA-F39B39B9856F}"
EndProject
Project("{FAE04EC0-301F-11D3-BF4B-00C04F79EFBC}") = "DeGA.Actions.CSharp", "DeGA.Actions.CSharp\DeGA.Actions.CSharp.csproj", "{C845DBDC-F4F0-4B4F-816D-47861006EA3C}"
EndProject
Global
	GlobalSection(SolutionConfigurationPlatforms) = preSolution
		Debug|Any CPU = Debug|Any CPU
		Release|Any CPU = Release|Any CPU
	EndGlobalSection
	GlobalSection(ProjectConfigurationPlatforms) = postSolution
		{9DF9F65F-4462-4517-8FCA-5AA34CF2D923}.Debug|Any CPU.ActiveCfg = Debug|Any CPU
		{9DF9F65F-4462-4517-8FCA-5AA34CF2D923}.Debug|Any CPU.Build.0 = Debug|Any CPU
		{9DF9F65F-4462-4517-8FCA-5AA34CF2D923}.Release|Any CPU.ActiveCfg = Release|Any CPU
		{9DF9F65F-4462-4517-8FCA-5AA34CF2D923}.Release|Any CPU.Build.0 = Release|Any CPU
		{A4F200A3-B02B-4CE2-BA94-2E39566EC317}.Debug|Any CPU.ActiveCfg = Debug|Any CPU
		{A4F200A3-B02B-4CE2-BA94-2E39566EC317}.Debug|Any CPU.Build.0 = Debug|Any CPU
		{A4F200A3-B02B-4CE2-BA94-2E39566EC317}.Release|Any CPU.ActiveCfg = Release|Any CPU
		{A4F200A3-B02B-4CE2-BA94-2E39566EC317}.Release|Any CPU.Build.0 = Release|Any CPU
		{C2BE94A5-CAE5-497F-8601-492206657B46}.Debug|Any CPU.ActiveCfg = Debug|Any CPU
		{C2BE94A5-CAE5-497F-8601-492206657B46}.Debug|Any CPU.Build.0 = Debug|Any CPU
		{C2BE94A5-CAE5-497F-8601-492206657B46}.Release|Any CPU.ActiveCfg = Release|Any CPU
		{C2BE94A5-CAE5-497F-8601-492206657B46}.Release|Any CPU.Build.0 = Release|Any CPU
		{8A9CE11B-B392-44B7-858D-3F059EBAADDD}.Debug|Any CPU.ActiveCfg = Debug|Any CPU
		{8A9CE11B-B392-44B7-858D-3F059EBAADDD}.Debug|Any CPU.Build.0 = Debug|Any CPU
		{8A9CE11B-B392-44B7-858D-3F059EBAADDD}.Release|Any CPU.ActiveCfg = Release|Any CPU
		{8A9CE11B-B392-44B7-858D-3F059EBAADDD}.Release|Any CPU.Build.0 = Release|Any CPU
		{75771AE8-D14E-42DF-B959-790AB9DB71AA}.Debug|Any CPU.ActiveCfg = Debug|Any CPU
		{75771AE8-D14E-42DF-B959-790AB9DB71AA}.Debug|Any CPU.Build.0 = Debug|Any CPU
		{75771AE8-D14E-42DF-B959-790AB9DB71AA}.Release|Any CPU.ActiveCfg = Release|Any CPU
		{75771AE8-D14E-42DF-B959-790AB9DB71AA}.Release|Any CPU.Build.0 = Release|Any CPU
		{78C5358D-DE1C-40DD-96CA-F39B39B9856F}.Debug|Any CPU.ActiveCfg = Debug|Any CPU
		{78C5358D-DE1C-40DD-96CA-F39B39B9856F}.Debug|Any CPU.Build.0 = Debug|Any CPU
		{78C5358D-DE1C-40DD-96CA-F39B39B9856F}.Release|Any CPU.ActiveCfg = Release|Any CPU
		{78C5358D-DE1C-40DD-96CA-F39B39B9856F}.Release|Any CPU.Build.0 = Release|Any CPU
		{C845DBDC-F4F0-4B4F-816D-47861006EA3C}.Debug|Any CPU.ActiveCfg = Debug|Any CPU
		{C845DBDC-F4F0-4B4F-816D-47861006EA3C}.Debug|Any CPU.Build.0 = Debug|Any CPU
		{C845DBDC-F4F0-4B4F-816D-47861006EA3C}.Release|Any CPU.ActiveCfg = Release|Any CPU
		{C845DBDC-F4F0-4B4F-816D-47861006EA3C}.Release|Any CPU.Build.0 = Release|Any CPU
	EndGlobalSection
	GlobalSection(SolutionProperties) = preSolution
		HideSolutionNode = FALSE
	EndGlobalSection
	GlobalSection(NestedProjects) = preSolution
		{8A9CE11B-B392-44B7-858D-3F059EBAADDD} = {574F7457-69C0-4F32-9E27-A64CFF0E5154}
		{75771AE8-D14E-42DF-B959-790AB9DB71AA} = {574F7457-69C0-4F32-9E27-A64CFF0E5154}
		{78C5358D-DE1C-40DD-96CA-F39B39B9856F} = {574F7457-69C0-4F32-9E27-A64CFF0E5154}
	EndGlobalSection
	GlobalSection(ExtensibilityGlobals) = postSolution
		SolutionGuid = {D434B684-6853-4AF4-A1C5-C4790108EC6B}
	EndGlobalSection
EndGlobal
