
Microsoft Visual Studio Solution File, Format Version 12.00
# Visual Studio Version 17
VisualStudioVersion = 17.8.34408.163
MinimumVisualStudioVersion = 10.0.40219.1
Project("{9A19103F-16F7-4668-BE54-9A1E7A4F7556}") = "DeGA.Core", "DeGA.Core\DeGA.Core.csproj", "{9DF9F65F-4462-4517-8FCA-5AA34CF2D923}"
EndProject
Project("{2150E333-8FDC-42A3-9474-1A3956D46DE8}") = "samples", "samples", "{574F7457-69C0-4F32-9E27-A64CFF0E5154}"
EndProject
Project("{9A19103F-16F7-4668-BE54-9A1E7A4F7556}") = "DeGA.FizzBuzz", "..\samples\DeGA.FizzBuzz\DeGA.FizzBuzz.csproj", "{3202C88E-C6B8-4972-8B0F-9CB07BB1EE71}"
EndProject
Project("{FAE04EC0-301F-11D3-BF4B-00C04F79EFBC}") = "DeGA.OpenAI", "DeGA.OpenAI\DeGA.OpenAI.csproj", "{A4F200A3-B02B-4CE2-BA94-2E39566EC317}"
EndProject
Global
	GlobalSection(SolutionConfigurationPlatforms) = preSolution
		Debug|Any CPU = Debug|Any CPU
		Release|Any CPU = Release|Any CPU
	EndGlobalSection
	GlobalSection(ProjectConfigurationPlatforms) = postSolution
		{9DF9F65F-4462-4517-8FCA-5AA34CF2D923}.Debug|Any CPU.ActiveCfg = Debug|Any CPU
		{9DF9F65F-4462-4517-8FCA-5AA34CF2D923}.Debug|Any CPU.Build.0 = Debug|Any CPU
		{9DF9F65F-4462-4517-8FCA-5AA34CF2D923}.Release|Any CPU.ActiveCfg = Release|Any CPU
		{9DF9F65F-4462-4517-8FCA-5AA34CF2D923}.Release|Any CPU.Build.0 = Release|Any CPU
		{3202C88E-C6B8-4972-8B0F-9CB07BB1EE71}.Debug|Any CPU.ActiveCfg = Debug|Any CPU
		{3202C88E-C6B8-4972-8B0F-9CB07BB1EE71}.Debug|Any CPU.Build.0 = Debug|Any CPU
		{3202C88E-C6B8-4972-8B0F-9CB07BB1EE71}.Release|Any CPU.ActiveCfg = Release|Any CPU
		{3202C88E-C6B8-4972-8B0F-9CB07BB1EE71}.Release|Any CPU.Build.0 = Release|Any CPU
		{A4F200A3-B02B-4CE2-BA94-2E39566EC317}.Debug|Any CPU.ActiveCfg = Debug|Any CPU
		{A4F200A3-B02B-4CE2-BA94-2E39566EC317}.Debug|Any CPU.Build.0 = Debug|Any CPU
		{A4F200A3-B02B-4CE2-BA94-2E39566EC317}.Release|Any CPU.ActiveCfg = Release|Any CPU
		{A4F200A3-B02B-4CE2-BA94-2E39566EC317}.Release|Any CPU.Build.0 = Release|Any CPU
	EndGlobalSection
	GlobalSection(SolutionProperties) = preSolution
		HideSolutionNode = FALSE
	EndGlobalSection
	GlobalSection(NestedProjects) = preSolution
		{3202C88E-C6B8-4972-8B0F-9CB07BB1EE71} = {574F7457-69C0-4F32-9E27-A64CFF0E5154}
	EndGlobalSection
	GlobalSection(ExtensibilityGlobals) = postSolution
		SolutionGuid = {D434B684-6853-4AF4-A1C5-C4790108EC6B}
	EndGlobalSection
EndGlobal
