
Microsoft Visual Studio Solution File, Format Version 12.00
# Visual Studio Version 17
VisualStudioVersion = 17.8.34408.163
MinimumVisualStudioVersion = 10.0.40219.1
Project("{9A19103F-16F7-4668-BE54-9A1E7A4F7556}") = "Wolder.Core", "Wolder.Core\Wolder.Core.csproj", "{9DF9F65F-4462-4517-8FCA-5AA34CF2D923}"
EndProject
Project("{2150E333-8FDC-42A3-9474-1A3956D46DE8}") = "samples", "samples", "{574F7457-69C0-4F32-9E27-A64CFF0E5154}"
EndProject
Project("{9A19103F-16F7-4668-BE54-9A1E7A4F7556}") = "Wolder.OpenAI", "Wolder.OpenAI\Wolder.OpenAI.csproj", "{A4F200A3-B02B-4CE2-BA94-2E39566EC317}"
EndProject
Project("{9A19103F-16F7-4668-BE54-9A1E7A4F7556}") = "Wolder.CSharp.OpenAI", "Wolder.CSharp.OpenAI\Wolder.CSharp.OpenAI.csproj", "{C2BE94A5-CAE5-497F-8601-492206657B46}"
EndProject
Project("{9A19103F-16F7-4668-BE54-9A1E7A4F7556}") = "FizzBuzz.Generator.Basic", "..\samples\FizzBuzz.Generator.Basic\FizzBuzz.Generator.Basic.csproj", "{8A9CE11B-B392-44B7-858D-3F059EBAADDD}"
EndProject
Project("{9A19103F-16F7-4668-BE54-9A1E7A4F7556}") = "TodoList.Blazor.Generator", "..\samples\TodoList.Blazor.Generator\TodoList.Blazor.Generator.csproj", "{75771AE8-D14E-42DF-B959-790AB9DB71AA}"
EndProject
Project("{FAE04EC0-301F-11D3-BF4B-00C04F79EFBC}") = "Wolder.CSharp", "Wolder.CSharp\Wolder.CSharp.csproj", "{C845DBDC-F4F0-4B4F-816D-47861006EA3C}"
EndProject
Project("{FAE04EC0-301F-11D3-BF4B-00C04F79EFBC}") = "Wolder.CommandLine", "Wolder.CommandLine\Wolder.CommandLine.csproj", "{602BCAFB-3924-4B42-9301-F231A77D0103}"
EndProject
Project("{FAE04EC0-301F-11D3-BF4B-00C04F79EFBC}") = "FizzBuzz.Generator.OpenAI", "..\samples\FizzBuzz.Generator.OpenAI\FizzBuzz.Generator.OpenAI.csproj", "{B51E8EBA-185B-4D11-9212-C2AF8F9D0ED4}"
EndProject
Project("{FAE04EC0-301F-11D3-BF4B-00C04F79EFBC}") = "Wolder.Core.Tools", "Wolder.Core.Tools\Wolder.Core.Tools.csproj", "{FFE8D105-2484-4CE5-8BA9-3CACB2A617A6}"
EndProject
Project("{FAE04EC0-301F-11D3-BF4B-00C04F79EFBC}") = "Wolder.Interactive.Web", "Wolder.Interactive.Web\Wolder.Interactive.Web.csproj", "{4E687D56-4BFD-4064-8688-151A3DD101C6}"
EndProject
Project("{2150E333-8FDC-42A3-9474-1A3956D46DE8}") = "docs", "docs", "{DF4904A4-DDD4-4E8A-850E-F39D4CA1B6CB}"
EndProject
Project("{FAE04EC0-301F-11D3-BF4B-00C04F79EFBC}") = "Documentation.Generator", "..\docs\generator\Documentation.Generator\Documentation.Generator.csproj", "{5A7860BD-64B0-4CD6-8DAE-989C0EF38D29}"
EndProject
Global
	GlobalSection(SolutionConfigurationPlatforms) = preSolution
		Debug|Any CPU = Debug|Any CPU
		Release|Any CPU = Release|Any CPU
	EndGlobalSection
	GlobalSection(ProjectConfigurationPlatforms) = postSolution
		{9DF9F65F-4462-4517-8FCA-5AA34CF2D923}.Debug|Any CPU.ActiveCfg = Debug|Any CPU
		{9DF9F65F-4462-4517-8FCA-5AA34CF2D923}.Debug|Any CPU.Build.0 = Debug|Any CPU
		{9DF9F65F-4462-4517-8FCA-5AA34CF2D923}.Release|Any CPU.ActiveCfg = Release|Any CPU
		{9DF9F65F-4462-4517-8FCA-5AA34CF2D923}.Release|Any CPU.Build.0 = Release|Any CPU
		{A4F200A3-B02B-4CE2-BA94-2E39566EC317}.Debug|Any CPU.ActiveCfg = Debug|Any CPU
		{A4F200A3-B02B-4CE2-BA94-2E39566EC317}.Debug|Any CPU.Build.0 = Debug|Any CPU
		{A4F200A3-B02B-4CE2-BA94-2E39566EC317}.Release|Any CPU.ActiveCfg = Release|Any CPU
		{A4F200A3-B02B-4CE2-BA94-2E39566EC317}.Release|Any CPU.Build.0 = Release|Any CPU
		{C2BE94A5-CAE5-497F-8601-492206657B46}.Debug|Any CPU.ActiveCfg = Debug|Any CPU
		{C2BE94A5-CAE5-497F-8601-492206657B46}.Debug|Any CPU.Build.0 = Debug|Any CPU
		{C2BE94A5-CAE5-497F-8601-492206657B46}.Release|Any CPU.ActiveCfg = Release|Any CPU
		{C2BE94A5-CAE5-497F-8601-492206657B46}.Release|Any CPU.Build.0 = Release|Any CPU
		{8A9CE11B-B392-44B7-858D-3F059EBAADDD}.Debug|Any CPU.ActiveCfg = Debug|Any CPU
		{8A9CE11B-B392-44B7-858D-3F059EBAADDD}.Debug|Any CPU.Build.0 = Debug|Any CPU
		{8A9CE11B-B392-44B7-858D-3F059EBAADDD}.Release|Any CPU.ActiveCfg = Release|Any CPU
		{8A9CE11B-B392-44B7-858D-3F059EBAADDD}.Release|Any CPU.Build.0 = Release|Any CPU
		{75771AE8-D14E-42DF-B959-790AB9DB71AA}.Debug|Any CPU.ActiveCfg = Debug|Any CPU
		{75771AE8-D14E-42DF-B959-790AB9DB71AA}.Debug|Any CPU.Build.0 = Debug|Any CPU
		{75771AE8-D14E-42DF-B959-790AB9DB71AA}.Release|Any CPU.ActiveCfg = Release|Any CPU
		{75771AE8-D14E-42DF-B959-790AB9DB71AA}.Release|Any CPU.Build.0 = Release|Any CPU
		{C845DBDC-F4F0-4B4F-816D-47861006EA3C}.Debug|Any CPU.ActiveCfg = Debug|Any CPU
		{C845DBDC-F4F0-4B4F-816D-47861006EA3C}.Debug|Any CPU.Build.0 = Debug|Any CPU
		{C845DBDC-F4F0-4B4F-816D-47861006EA3C}.Release|Any CPU.ActiveCfg = Release|Any CPU
		{C845DBDC-F4F0-4B4F-816D-47861006EA3C}.Release|Any CPU.Build.0 = Release|Any CPU
		{602BCAFB-3924-4B42-9301-F231A77D0103}.Debug|Any CPU.ActiveCfg = Debug|Any CPU
		{602BCAFB-3924-4B42-9301-F231A77D0103}.Debug|Any CPU.Build.0 = Debug|Any CPU
		{602BCAFB-3924-4B42-9301-F231A77D0103}.Release|Any CPU.ActiveCfg = Release|Any CPU
		{602BCAFB-3924-4B42-9301-F231A77D0103}.Release|Any CPU.Build.0 = Release|Any CPU
		{B51E8EBA-185B-4D11-9212-C2AF8F9D0ED4}.Debug|Any CPU.ActiveCfg = Debug|Any CPU
		{B51E8EBA-185B-4D11-9212-C2AF8F9D0ED4}.Debug|Any CPU.Build.0 = Debug|Any CPU
		{B51E8EBA-185B-4D11-9212-C2AF8F9D0ED4}.Release|Any CPU.ActiveCfg = Release|Any CPU
		{B51E8EBA-185B-4D11-9212-C2AF8F9D0ED4}.Release|Any CPU.Build.0 = Release|Any CPU
		{FFE8D105-2484-4CE5-8BA9-3CACB2A617A6}.Debug|Any CPU.ActiveCfg = Debug|Any CPU
		{FFE8D105-2484-4CE5-8BA9-3CACB2A617A6}.Debug|Any CPU.Build.0 = Debug|Any CPU
		{FFE8D105-2484-4CE5-8BA9-3CACB2A617A6}.Release|Any CPU.ActiveCfg = Release|Any CPU
		{FFE8D105-2484-4CE5-8BA9-3CACB2A617A6}.Release|Any CPU.Build.0 = Release|Any CPU
		{4E687D56-4BFD-4064-8688-151A3DD101C6}.Debug|Any CPU.ActiveCfg = Debug|Any CPU
		{4E687D56-4BFD-4064-8688-151A3DD101C6}.Debug|Any CPU.Build.0 = Debug|Any CPU
		{4E687D56-4BFD-4064-8688-151A3DD101C6}.Release|Any CPU.ActiveCfg = Release|Any CPU
		{4E687D56-4BFD-4064-8688-151A3DD101C6}.Release|Any CPU.Build.0 = Release|Any CPU
		{5A7860BD-64B0-4CD6-8DAE-989C0EF38D29}.Debug|Any CPU.ActiveCfg = Debug|Any CPU
		{5A7860BD-64B0-4CD6-8DAE-989C0EF38D29}.Debug|Any CPU.Build.0 = Debug|Any CPU
		{5A7860BD-64B0-4CD6-8DAE-989C0EF38D29}.Release|Any CPU.ActiveCfg = Release|Any CPU
		{5A7860BD-64B0-4CD6-8DAE-989C0EF38D29}.Release|Any CPU.Build.0 = Release|Any CPU
	EndGlobalSection
	GlobalSection(SolutionProperties) = preSolution
		HideSolutionNode = FALSE
	EndGlobalSection
	GlobalSection(NestedProjects) = preSolution
		{8A9CE11B-B392-44B7-858D-3F059EBAADDD} = {574F7457-69C0-4F32-9E27-A64CFF0E5154}
		{75771AE8-D14E-42DF-B959-790AB9DB71AA} = {574F7457-69C0-4F32-9E27-A64CFF0E5154}
		{B51E8EBA-185B-4D11-9212-C2AF8F9D0ED4} = {574F7457-69C0-4F32-9E27-A64CFF0E5154}
		{5A7860BD-64B0-4CD6-8DAE-989C0EF38D29} = {DF4904A4-DDD4-4E8A-850E-F39D4CA1B6CB}
	EndGlobalSection
	GlobalSection(ExtensibilityGlobals) = postSolution
		SolutionGuid = {D434B684-6853-4AF4-A1C5-C4790108EC6B}
	EndGlobalSection
EndGlobal
